// !$*UTF8*$!
{
	archiveVersion = 1;
	classes = {
	};
	objectVersion = 46;
	objects = {

/* Begin PBXBuildFile section */
		25EE2D4F70DCF79F8A2CFDC1 /* libPods.a in Frameworks */ = {isa = PBXBuildFile; fileRef = 4D022C8A3767389B7CA8251D /* libPods.a */; };
		B9509AF81CD49649001A778B /* JJUserViewController.m in Sources */ = {isa = PBXBuildFile; fileRef = B9509AF71CD49649001A778B /* JJUserViewController.m */; };
		B9509AFE1CD89093001A778B /* buttonImage.png in Resources */ = {isa = PBXBuildFile; fileRef = B9509AFD1CD89093001A778B /* buttonImage.png */; };
		B9509B001CD890C1001A778B /* user.json in Resources */ = {isa = PBXBuildFile; fileRef = B9509AFF1CD890C1001A778B /* user.json */; };
		B9509B021CD8916D001A778B /* default_avatar.png in Resources */ = {isa = PBXBuildFile; fileRef = B9509B011CD8916D001A778B /* default_avatar.png */; };
		B9509B051CD91403001A778B /* JJAddAddressViewController.m in Sources */ = {isa = PBXBuildFile; fileRef = B9509B041CD91403001A778B /* JJAddAddressViewController.m */; };
		B9509B071CD91475001A778B /* address.json in Resources */ = {isa = PBXBuildFile; fileRef = B9509B061CD91475001A778B /* address.json */; };
		B9509B0A1CD9E189001A778B /* JJAddAddressCollectionViewCell.m in Sources */ = {isa = PBXBuildFile; fileRef = B9509B091CD9E189001A778B /* JJAddAddressCollectionViewCell.m */; };
		B9509B0E1CDD0AC7001A778B /* JJBmobEngine.m in Sources */ = {isa = PBXBuildFile; fileRef = B9509B0D1CDD0AC7001A778B /* JJBmobEngine.m */; };
		B9509B121CDD0D53001A778B /* JJUserLoginViewController.m in Sources */ = {isa = PBXBuildFile; fileRef = B9509B111CDD0D53001A778B /* JJUserLoginViewController.m */; };
		B9509B181CDE33AB001A778B /* JJUserTableViewCell.m in Sources */ = {isa = PBXBuildFile; fileRef = B9509B171CDE33AB001A778B /* JJUserTableViewCell.m */; };
		B9509B1B1CDF3AF3001A778B /* JJUserRegisterViewController.m in Sources */ = {isa = PBXBuildFile; fileRef = B9509B1A1CDF3AF3001A778B /* JJUserRegisterViewController.m */; };
		B9509B331CE21124001A778B /* JJVehicleView.m in Sources */ = {isa = PBXBuildFile; fileRef = B9509B321CE21124001A778B /* JJVehicleView.m */; };
		B9509B361CE2120C001A778B /* JJVehicleSpeedView.m in Sources */ = {isa = PBXBuildFile; fileRef = B9509B351CE2120C001A778B /* JJVehicleSpeedView.m */; };
		B9509B391CE2121C001A778B /* JJVehicleInfoView.m in Sources */ = {isa = PBXBuildFile; fileRef = B9509B381CE2121C001A778B /* JJVehicleInfoView.m */; };
		B9509B3C1CE216D9001A778B /* JJVehicleInfoContainerView.m in Sources */ = {isa = PBXBuildFile; fileRef = B9509B3B1CE216D9001A778B /* JJVehicleInfoContainerView.m */; };
		B9509B3F1CE3841E001A778B /* JJQiniuEngine.m in Sources */ = {isa = PBXBuildFile; fileRef = B9509B3E1CE3841E001A778B /* JJQiniuEngine.m */; };
		B9511B921CB91BE2005582EA /* JJHomeViewController.m in Sources */ = {isa = PBXBuildFile; fileRef = B9511B901CB91BE2005582EA /* JJHomeViewController.m */; };
		B9511B9A1CBC168D005582EA /* JJVehicleModel.m in Sources */ = {isa = PBXBuildFile; fileRef = B9511B991CBC168D005582EA /* JJVehicleModel.m */; };
		B9511B9D1CBC16A6005582EA /* JJVehicleViewModel.m in Sources */ = {isa = PBXBuildFile; fileRef = B9511B9C1CBC16A6005582EA /* JJVehicleViewModel.m */; };
		B9511BA01CBC16BA005582EA /* JJVehicleViewController.m in Sources */ = {isa = PBXBuildFile; fileRef = B9511B9F1CBC16BA005582EA /* JJVehicleViewController.m */; };
		B9511BA41CBC1871005582EA /* JJBaseViewModel.m in Sources */ = {isa = PBXBuildFile; fileRef = B9511BA31CBC1871005582EA /* JJBaseViewModel.m */; };
		B9511BAA1CC7A161005582EA /* JJSlideView.m in Sources */ = {isa = PBXBuildFile; fileRef = B9511BA91CC7A161005582EA /* JJSlideView.m */; };
		B9511BAD1CC7A186005582EA /* JJUserCenterView.m in Sources */ = {isa = PBXBuildFile; fileRef = B9511BAC1CC7A186005582EA /* JJUserCenterView.m */; };
		B9511BB01CCFCB7F005582EA /* JJHomeExtensionView.m in Sources */ = {isa = PBXBuildFile; fileRef = B9511BAF1CCFCB7F005582EA /* JJHomeExtensionView.m */; };
		B9511BB31CCFCC78005582EA /* JJLocationView.m in Sources */ = {isa = PBXBuildFile; fileRef = B9511BB21CCFCC78005582EA /* JJLocationView.m */; };
		B9518DD61D01D66100A1337D /* JJOrderModel.m in Sources */ = {isa = PBXBuildFile; fileRef = B9518DD51D01D66100A1337D /* JJOrderModel.m */; };
		B96FB61A1D007E6400DCD98A /* about_photo.jpg in Resources */ = {isa = PBXBuildFile; fileRef = B96FB6191D007E6400DCD98A /* about_photo.jpg */; };
		B983FDF21CF453B70034ACEA /* UIColor+Hex.m in Sources */ = {isa = PBXBuildFile; fileRef = B983FDF11CF453B70034ACEA /* UIColor+Hex.m */; };
		B98C1F861CF820B800BFA31B /* JJPayViewController.m in Sources */ = {isa = PBXBuildFile; fileRef = B98C1F851CF820B800BFA31B /* JJPayViewController.m */; };
		B98C1F891CF8259700BFA31B /* JJPaySectionHeadView.m in Sources */ = {isa = PBXBuildFile; fileRef = B98C1F881CF8259700BFA31B /* JJPaySectionHeadView.m */; };
		B98C1F931CF82C4900BFA31B /* JJPayDetailAmountCell.m in Sources */ = {isa = PBXBuildFile; fileRef = B98C1F921CF82C4900BFA31B /* JJPayDetailAmountCell.m */; };
		B98C1F961CF82C5800BFA31B /* JJPayTypeCell.m in Sources */ = {isa = PBXBuildFile; fileRef = B98C1F951CF82C5800BFA31B /* JJPayTypeCell.m */; };
		B98C1F991CF87F5700BFA31B /* JJPaySuccessViewController.m in Sources */ = {isa = PBXBuildFile; fileRef = B98C1F981CF87F5700BFA31B /* JJPaySuccessViewController.m */; };
		B98C1F9C1CF87F7D00BFA31B /* JJPaySuccessView.m in Sources */ = {isa = PBXBuildFile; fileRef = B98C1F9B1CF87F7D00BFA31B /* JJPaySuccessView.m */; };
		B98C1FA31CF8853400BFA31B /* launch_1.png in Resources */ = {isa = PBXBuildFile; fileRef = B98C1F9D1CF8853400BFA31B /* launch_1.png */; };
		B98C1FA51CF8853400BFA31B /* launch_2.png in Resources */ = {isa = PBXBuildFile; fileRef = B98C1F9F1CF8853400BFA31B /* launch_2.png */; };
		B98C1FA71CF8853400BFA31B /* launch_3.png in Resources */ = {isa = PBXBuildFile; fileRef = B98C1FA11CF8853400BFA31B /* launch_3.png */; };
		B98C1FAA1CF885E100BFA31B /* Assets.xcassets in Resources */ = {isa = PBXBuildFile; fileRef = B98C1FA91CF885E100BFA31B /* Assets.xcassets */; };
		B98C1FAD1CF9ACCA00BFA31B /* JJOrderViewController.m in Sources */ = {isa = PBXBuildFile; fileRef = B98C1FAC1CF9ACCA00BFA31B /* JJOrderViewController.m */; };
		B98C1FB01CF9B1C600BFA31B /* JJOrderTableViewCell.m in Sources */ = {isa = PBXBuildFile; fileRef = B98C1FAF1CF9B1C600BFA31B /* JJOrderTableViewCell.m */; };
		B98C1FB41CF9B3A300BFA31B /* JJOrderViewModel.m in Sources */ = {isa = PBXBuildFile; fileRef = B98C1FB31CF9B3A300BFA31B /* JJOrderViewModel.m */; };
		B98C1FBA1CF9C91D00BFA31B /* JJTableViewFooter.m in Sources */ = {isa = PBXBuildFile; fileRef = B98C1FB91CF9C91D00BFA31B /* JJTableViewFooter.m */; };
		B98C1FBD1CF9CA2700BFA31B /* JJUserMessageCenterViewController.m in Sources */ = {isa = PBXBuildFile; fileRef = B98C1FBC1CF9CA2700BFA31B /* JJUserMessageCenterViewController.m */; };
		B98C1FC01CF9CA9800BFA31B /* JJUserCouponViewController.m in Sources */ = {isa = PBXBuildFile; fileRef = B98C1FBF1CF9CA9800BFA31B /* JJUserCouponViewController.m */; };
		B98C1FC31CF9ED0300BFA31B /* JJUserAuthViewController.m in Sources */ = {isa = PBXBuildFile; fileRef = B98C1FC21CF9ED0300BFA31B /* JJUserAuthViewController.m */; };
		B98C1FC61CFA041800BFA31B /* JJUserModifyViewController.m in Sources */ = {isa = PBXBuildFile; fileRef = B98C1FC51CFA041800BFA31B /* JJUserModifyViewController.m */; };
		B98C1FCC1CFD6EFA00BFA31B /* JJActionSheetPicker.m in Sources */ = {isa = PBXBuildFile; fileRef = B98C1FCB1CFD6EFA00BFA31B /* JJActionSheetPicker.m */; };
		B98C1FCF1CFECAFA00BFA31B /* JJQRCodeReaderViewController.m in Sources */ = {isa = PBXBuildFile; fileRef = B98C1FCE1CFECAFA00BFA31B /* JJQRCodeReaderViewController.m */; };
		B98C20131CFEDD9000BFA31B /* JJHomeTripDetailView.m in Sources */ = {isa = PBXBuildFile; fileRef = B98C20121CFEDD9000BFA31B /* JJHomeTripDetailView.m */; };
		B98C20161CFF1AC200BFA31B /* JJUserAboutViewController.m in Sources */ = {isa = PBXBuildFile; fileRef = B98C20151CFF1AC200BFA31B /* JJUserAboutViewController.m */; };
		B98C20191D00015500BFA31B /* JJGuideViewController.m in Sources */ = {isa = PBXBuildFile; fileRef = B98C20181D00015500BFA31B /* JJGuideViewController.m */; };
		B9948FF51CF6D3C700EFE22F /* JJSetRegularAddressViewController.m in Sources */ = {isa = PBXBuildFile; fileRef = B9948FF41CF6D3C700EFE22F /* JJSetRegularAddressViewController.m */; };
		B9948FF81CF6D3DA00EFE22F /* JJRegularAddressView.m in Sources */ = {isa = PBXBuildFile; fileRef = B9948FF71CF6D3DA00EFE22F /* JJRegularAddressView.m */; };
		B9D4D5AA1CB651C400B7B90D /* main.m in Sources */ = {isa = PBXBuildFile; fileRef = B9D4D5A91CB651C400B7B90D /* main.m */; };
		B9D4D5AD1CB651C400B7B90D /* AppDelegate.m in Sources */ = {isa = PBXBuildFile; fileRef = B9D4D5AC1CB651C400B7B90D /* AppDelegate.m */; };
		B9D4D5C31CB651C400B7B90D /* JiaJiaTests.m in Sources */ = {isa = PBXBuildFile; fileRef = B9D4D5C21CB651C400B7B90D /* JiaJiaTests.m */; };
		B9D4D5CE1CB651C400B7B90D /* JiaJiaUITests.m in Sources */ = {isa = PBXBuildFile; fileRef = B9D4D5CD1CB651C400B7B90D /* JiaJiaUITests.m */; };
		B9D4D5E41CB69FE300B7B90D /* Podfile in Resources */ = {isa = PBXBuildFile; fileRef = B9D4D5E31CB69FE300B7B90D /* Podfile */; };
/* End PBXBuildFile section */

/* Begin PBXContainerItemProxy section */
		B9D4D5BF1CB651C400B7B90D /* PBXContainerItemProxy */ = {
			isa = PBXContainerItemProxy;
			containerPortal = B9D4D59D1CB651C400B7B90D /* Project object */;
			proxyType = 1;
			remoteGlobalIDString = B9D4D5A41CB651C400B7B90D;
			remoteInfo = JiaJia;
		};
		B9D4D5CA1CB651C400B7B90D /* PBXContainerItemProxy */ = {
			isa = PBXContainerItemProxy;
			containerPortal = B9D4D59D1CB651C400B7B90D /* Project object */;
			proxyType = 1;
			remoteGlobalIDString = B9D4D5A41CB651C400B7B90D;
			remoteInfo = JiaJia;
		};
/* End PBXContainerItemProxy section */

/* Begin PBXFileReference section */
		4D022C8A3767389B7CA8251D /* libPods.a */ = {isa = PBXFileReference; explicitFileType = archive.ar; includeInIndex = 0; path = libPods.a; sourceTree = BUILT_PRODUCTS_DIR; };
		8BBA2AB4D97922F8FE78E15E /* Pods.debug.xcconfig */ = {isa = PBXFileReference; includeInIndex = 1; lastKnownFileType = text.xcconfig; name = Pods.debug.xcconfig; path = "Pods/Target Support Files/Pods/Pods.debug.xcconfig"; sourceTree = "<group>"; };
		B9509AF61CD49649001A778B /* JJUserViewController.h */ = {isa = PBXFileReference; fileEncoding = 4; lastKnownFileType = sourcecode.c.h; path = JJUserViewController.h; sourceTree = "<group>"; };
		B9509AF71CD49649001A778B /* JJUserViewController.m */ = {isa = PBXFileReference; fileEncoding = 4; lastKnownFileType = sourcecode.c.objc; path = JJUserViewController.m; sourceTree = "<group>"; };
		B9509AFD1CD89093001A778B /* buttonImage.png */ = {isa = PBXFileReference; lastKnownFileType = image.png; path = buttonImage.png; sourceTree = "<group>"; };
		B9509AFF1CD890C1001A778B /* user.json */ = {isa = PBXFileReference; fileEncoding = 4; lastKnownFileType = text.json; path = user.json; sourceTree = "<group>"; };
		B9509B011CD8916D001A778B /* default_avatar.png */ = {isa = PBXFileReference; lastKnownFileType = image.png; path = default_avatar.png; sourceTree = "<group>"; };
		B9509B031CD91403001A778B /* JJAddAddressViewController.h */ = {isa = PBXFileReference; fileEncoding = 4; lastKnownFileType = sourcecode.c.h; path = JJAddAddressViewController.h; sourceTree = "<group>"; };
		B9509B041CD91403001A778B /* JJAddAddressViewController.m */ = {isa = PBXFileReference; fileEncoding = 4; lastKnownFileType = sourcecode.c.objc; path = JJAddAddressViewController.m; sourceTree = "<group>"; };
		B9509B061CD91475001A778B /* address.json */ = {isa = PBXFileReference; fileEncoding = 4; lastKnownFileType = text.json; path = address.json; sourceTree = "<group>"; };
		B9509B081CD9E189001A778B /* JJAddAddressCollectionViewCell.h */ = {isa = PBXFileReference; fileEncoding = 4; lastKnownFileType = sourcecode.c.h; path = JJAddAddressCollectionViewCell.h; sourceTree = "<group>"; };
		B9509B091CD9E189001A778B /* JJAddAddressCollectionViewCell.m */ = {isa = PBXFileReference; fileEncoding = 4; lastKnownFileType = sourcecode.c.objc; path = JJAddAddressCollectionViewCell.m; sourceTree = "<group>"; };
		B9509B0B1CDC7338001A778B /* JJBmobKey.h */ = {isa = PBXFileReference; lastKnownFileType = sourcecode.c.h; path = JJBmobKey.h; sourceTree = "<group>"; };
		B9509B0C1CDD0AC7001A778B /* JJBmobEngine.h */ = {isa = PBXFileReference; fileEncoding = 4; lastKnownFileType = sourcecode.c.h; path = JJBmobEngine.h; sourceTree = "<group>"; };
		B9509B0D1CDD0AC7001A778B /* JJBmobEngine.m */ = {isa = PBXFileReference; fileEncoding = 4; lastKnownFileType = sourcecode.c.objc; path = JJBmobEngine.m; sourceTree = "<group>"; };
		B9509B0F1CDD0B53001A778B /* JJGlobal.h */ = {isa = PBXFileReference; lastKnownFileType = sourcecode.c.h; path = JJGlobal.h; sourceTree = "<group>"; };
		B9509B101CDD0D53001A778B /* JJUserLoginViewController.h */ = {isa = PBXFileReference; fileEncoding = 4; lastKnownFileType = sourcecode.c.h; path = JJUserLoginViewController.h; sourceTree = "<group>"; };
		B9509B111CDD0D53001A778B /* JJUserLoginViewController.m */ = {isa = PBXFileReference; fileEncoding = 4; lastKnownFileType = sourcecode.c.objc; path = JJUserLoginViewController.m; sourceTree = "<group>"; };
		B9509B161CDE33AB001A778B /* JJUserTableViewCell.h */ = {isa = PBXFileReference; fileEncoding = 4; lastKnownFileType = sourcecode.c.h; path = JJUserTableViewCell.h; sourceTree = "<group>"; };
		B9509B171CDE33AB001A778B /* JJUserTableViewCell.m */ = {isa = PBXFileReference; fileEncoding = 4; lastKnownFileType = sourcecode.c.objc; path = JJUserTableViewCell.m; sourceTree = "<group>"; };
		B9509B191CDF3AF3001A778B /* JJUserRegisterViewController.h */ = {isa = PBXFileReference; fileEncoding = 4; lastKnownFileType = sourcecode.c.h; path = JJUserRegisterViewController.h; sourceTree = "<group>"; };
		B9509B1A1CDF3AF3001A778B /* JJUserRegisterViewController.m */ = {isa = PBXFileReference; fileEncoding = 4; lastKnownFileType = sourcecode.c.objc; path = JJUserRegisterViewController.m; sourceTree = "<group>"; };
		B9509B311CE21124001A778B /* JJVehicleView.h */ = {isa = PBXFileReference; fileEncoding = 4; lastKnownFileType = sourcecode.c.h; path = JJVehicleView.h; sourceTree = "<group>"; };
		B9509B321CE21124001A778B /* JJVehicleView.m */ = {isa = PBXFileReference; fileEncoding = 4; lastKnownFileType = sourcecode.c.objc; path = JJVehicleView.m; sourceTree = "<group>"; };
		B9509B341CE2120C001A778B /* JJVehicleSpeedView.h */ = {isa = PBXFileReference; fileEncoding = 4; lastKnownFileType = sourcecode.c.h; path = JJVehicleSpeedView.h; sourceTree = "<group>"; };
		B9509B351CE2120C001A778B /* JJVehicleSpeedView.m */ = {isa = PBXFileReference; fileEncoding = 4; lastKnownFileType = sourcecode.c.objc; path = JJVehicleSpeedView.m; sourceTree = "<group>"; };
		B9509B371CE2121C001A778B /* JJVehicleInfoView.h */ = {isa = PBXFileReference; fileEncoding = 4; lastKnownFileType = sourcecode.c.h; path = JJVehicleInfoView.h; sourceTree = "<group>"; };
		B9509B381CE2121C001A778B /* JJVehicleInfoView.m */ = {isa = PBXFileReference; fileEncoding = 4; lastKnownFileType = sourcecode.c.objc; path = JJVehicleInfoView.m; sourceTree = "<group>"; };
		B9509B3A1CE216D9001A778B /* JJVehicleInfoContainerView.h */ = {isa = PBXFileReference; fileEncoding = 4; lastKnownFileType = sourcecode.c.h; path = JJVehicleInfoContainerView.h; sourceTree = "<group>"; };
		B9509B3B1CE216D9001A778B /* JJVehicleInfoContainerView.m */ = {isa = PBXFileReference; fileEncoding = 4; lastKnownFileType = sourcecode.c.objc; path = JJVehicleInfoContainerView.m; sourceTree = "<group>"; };
		B9509B3D1CE3841E001A778B /* JJQiniuEngine.h */ = {isa = PBXFileReference; fileEncoding = 4; lastKnownFileType = sourcecode.c.h; path = JJQiniuEngine.h; sourceTree = "<group>"; };
		B9509B3E1CE3841E001A778B /* JJQiniuEngine.m */ = {isa = PBXFileReference; fileEncoding = 4; lastKnownFileType = sourcecode.c.objc; path = JJQiniuEngine.m; sourceTree = "<group>"; };
		B9511B8F1CB91BE2005582EA /* JJHomeViewController.h */ = {isa = PBXFileReference; fileEncoding = 4; lastKnownFileType = sourcecode.c.h; path = JJHomeViewController.h; sourceTree = "<group>"; };
		B9511B901CB91BE2005582EA /* JJHomeViewController.m */ = {isa = PBXFileReference; fileEncoding = 4; lastKnownFileType = sourcecode.c.objc; path = JJHomeViewController.m; sourceTree = "<group>"; };
		B9511B931CBC1347005582EA /* JJBlueToothConfig.h */ = {isa = PBXFileReference; lastKnownFileType = sourcecode.c.h; path = JJBlueToothConfig.h; sourceTree = "<group>"; };
		B9511B981CBC168D005582EA /* JJVehicleModel.h */ = {isa = PBXFileReference; fileEncoding = 4; lastKnownFileType = sourcecode.c.h; path = JJVehicleModel.h; sourceTree = "<group>"; };
		B9511B991CBC168D005582EA /* JJVehicleModel.m */ = {isa = PBXFileReference; fileEncoding = 4; lastKnownFileType = sourcecode.c.objc; path = JJVehicleModel.m; sourceTree = "<group>"; };
		B9511B9B1CBC16A6005582EA /* JJVehicleViewModel.h */ = {isa = PBXFileReference; fileEncoding = 4; lastKnownFileType = sourcecode.c.h; path = JJVehicleViewModel.h; sourceTree = "<group>"; };
		B9511B9C1CBC16A6005582EA /* JJVehicleViewModel.m */ = {isa = PBXFileReference; fileEncoding = 4; lastKnownFileType = sourcecode.c.objc; path = JJVehicleViewModel.m; sourceTree = "<group>"; };
		B9511B9E1CBC16BA005582EA /* JJVehicleViewController.h */ = {isa = PBXFileReference; fileEncoding = 4; lastKnownFileType = sourcecode.c.h; path = JJVehicleViewController.h; sourceTree = "<group>"; };
		B9511B9F1CBC16BA005582EA /* JJVehicleViewController.m */ = {isa = PBXFileReference; fileEncoding = 4; lastKnownFileType = sourcecode.c.objc; path = JJVehicleViewController.m; sourceTree = "<group>"; };
		B9511BA21CBC1871005582EA /* JJBaseViewModel.h */ = {isa = PBXFileReference; fileEncoding = 4; lastKnownFileType = sourcecode.c.h; path = JJBaseViewModel.h; sourceTree = "<group>"; };
		B9511BA31CBC1871005582EA /* JJBaseViewModel.m */ = {isa = PBXFileReference; fileEncoding = 4; lastKnownFileType = sourcecode.c.objc; path = JJBaseViewModel.m; sourceTree = "<group>"; };
		B9511BA81CC7A161005582EA /* JJSlideView.h */ = {isa = PBXFileReference; fileEncoding = 4; lastKnownFileType = sourcecode.c.h; path = JJSlideView.h; sourceTree = "<group>"; };
		B9511BA91CC7A161005582EA /* JJSlideView.m */ = {isa = PBXFileReference; fileEncoding = 4; lastKnownFileType = sourcecode.c.objc; path = JJSlideView.m; sourceTree = "<group>"; };
		B9511BAB1CC7A186005582EA /* JJUserCenterView.h */ = {isa = PBXFileReference; fileEncoding = 4; lastKnownFileType = sourcecode.c.h; path = JJUserCenterView.h; sourceTree = "<group>"; };
		B9511BAC1CC7A186005582EA /* JJUserCenterView.m */ = {isa = PBXFileReference; fileEncoding = 4; lastKnownFileType = sourcecode.c.objc; path = JJUserCenterView.m; sourceTree = "<group>"; };
		B9511BAE1CCFCB7F005582EA /* JJHomeExtensionView.h */ = {isa = PBXFileReference; fileEncoding = 4; lastKnownFileType = sourcecode.c.h; path = JJHomeExtensionView.h; sourceTree = "<group>"; };
		B9511BAF1CCFCB7F005582EA /* JJHomeExtensionView.m */ = {isa = PBXFileReference; fileEncoding = 4; lastKnownFileType = sourcecode.c.objc; path = JJHomeExtensionView.m; sourceTree = "<group>"; };
		B9511BB11CCFCC78005582EA /* JJLocationView.h */ = {isa = PBXFileReference; fileEncoding = 4; lastKnownFileType = sourcecode.c.h; path = JJLocationView.h; sourceTree = "<group>"; };
		B9511BB21CCFCC78005582EA /* JJLocationView.m */ = {isa = PBXFileReference; fileEncoding = 4; lastKnownFileType = sourcecode.c.objc; path = JJLocationView.m; sourceTree = "<group>"; };
		B9518DD41D01D66100A1337D /* JJOrderModel.h */ = {isa = PBXFileReference; fileEncoding = 4; lastKnownFileType = sourcecode.c.h; path = JJOrderModel.h; sourceTree = "<group>"; };
		B9518DD51D01D66100A1337D /* JJOrderModel.m */ = {isa = PBXFileReference; fileEncoding = 4; lastKnownFileType = sourcecode.c.objc; path = JJOrderModel.m; sourceTree = "<group>"; };
		B96FB6191D007E6400DCD98A /* about_photo.jpg */ = {isa = PBXFileReference; lastKnownFileType = image.jpeg; path = about_photo.jpg; sourceTree = "<group>"; };
		B983FDF01CF453B70034ACEA /* UIColor+Hex.h */ = {isa = PBXFileReference; fileEncoding = 4; lastKnownFileType = sourcecode.c.h; path = "UIColor+Hex.h"; sourceTree = "<group>"; };
		B983FDF11CF453B70034ACEA /* UIColor+Hex.m */ = {isa = PBXFileReference; fileEncoding = 4; lastKnownFileType = sourcecode.c.objc; path = "UIColor+Hex.m"; sourceTree = "<group>"; };
		B98C1F841CF820B800BFA31B /* JJPayViewController.h */ = {isa = PBXFileReference; fileEncoding = 4; lastKnownFileType = sourcecode.c.h; path = JJPayViewController.h; sourceTree = "<group>"; };
		B98C1F851CF820B800BFA31B /* JJPayViewController.m */ = {isa = PBXFileReference; fileEncoding = 4; lastKnownFileType = sourcecode.c.objc; path = JJPayViewController.m; sourceTree = "<group>"; };
		B98C1F871CF8259700BFA31B /* JJPaySectionHeadView.h */ = {isa = PBXFileReference; fileEncoding = 4; lastKnownFileType = sourcecode.c.h; path = JJPaySectionHeadView.h; sourceTree = "<group>"; };
		B98C1F881CF8259700BFA31B /* JJPaySectionHeadView.m */ = {isa = PBXFileReference; fileEncoding = 4; lastKnownFileType = sourcecode.c.objc; path = JJPaySectionHeadView.m; sourceTree = "<group>"; };
		B98C1F911CF82C4900BFA31B /* JJPayDetailAmountCell.h */ = {isa = PBXFileReference; fileEncoding = 4; lastKnownFileType = sourcecode.c.h; path = JJPayDetailAmountCell.h; sourceTree = "<group>"; };
		B98C1F921CF82C4900BFA31B /* JJPayDetailAmountCell.m */ = {isa = PBXFileReference; fileEncoding = 4; lastKnownFileType = sourcecode.c.objc; path = JJPayDetailAmountCell.m; sourceTree = "<group>"; };
		B98C1F941CF82C5800BFA31B /* JJPayTypeCell.h */ = {isa = PBXFileReference; fileEncoding = 4; lastKnownFileType = sourcecode.c.h; path = JJPayTypeCell.h; sourceTree = "<group>"; };
		B98C1F951CF82C5800BFA31B /* JJPayTypeCell.m */ = {isa = PBXFileReference; fileEncoding = 4; lastKnownFileType = sourcecode.c.objc; path = JJPayTypeCell.m; sourceTree = "<group>"; };
		B98C1F971CF87F5700BFA31B /* JJPaySuccessViewController.h */ = {isa = PBXFileReference; fileEncoding = 4; lastKnownFileType = sourcecode.c.h; path = JJPaySuccessViewController.h; sourceTree = "<group>"; };
		B98C1F981CF87F5700BFA31B /* JJPaySuccessViewController.m */ = {isa = PBXFileReference; fileEncoding = 4; lastKnownFileType = sourcecode.c.objc; path = JJPaySuccessViewController.m; sourceTree = "<group>"; };
		B98C1F9A1CF87F7D00BFA31B /* JJPaySuccessView.h */ = {isa = PBXFileReference; fileEncoding = 4; lastKnownFileType = sourcecode.c.h; path = JJPaySuccessView.h; sourceTree = "<group>"; };
		B98C1F9B1CF87F7D00BFA31B /* JJPaySuccessView.m */ = {isa = PBXFileReference; fileEncoding = 4; lastKnownFileType = sourcecode.c.objc; path = JJPaySuccessView.m; sourceTree = "<group>"; };
		B98C1F9D1CF8853400BFA31B /* launch_1.png */ = {isa = PBXFileReference; lastKnownFileType = image.png; path = launch_1.png; sourceTree = "<group>"; };
		B98C1F9F1CF8853400BFA31B /* launch_2.png */ = {isa = PBXFileReference; lastKnownFileType = image.png; path = launch_2.png; sourceTree = "<group>"; };
		B98C1FA11CF8853400BFA31B /* launch_3.png */ = {isa = PBXFileReference; lastKnownFileType = image.png; path = launch_3.png; sourceTree = "<group>"; };
		B98C1FA91CF885E100BFA31B /* Assets.xcassets */ = {isa = PBXFileReference; lastKnownFileType = folder.assetcatalog; name = Assets.xcassets; path = JiaJia/Assets.xcassets; sourceTree = "<group>"; };
		B98C1FAB1CF9ACCA00BFA31B /* JJOrderViewController.h */ = {isa = PBXFileReference; fileEncoding = 4; lastKnownFileType = sourcecode.c.h; path = JJOrderViewController.h; sourceTree = "<group>"; };
		B98C1FAC1CF9ACCA00BFA31B /* JJOrderViewController.m */ = {isa = PBXFileReference; fileEncoding = 4; lastKnownFileType = sourcecode.c.objc; path = JJOrderViewController.m; sourceTree = "<group>"; };
		B98C1FAE1CF9B1C600BFA31B /* JJOrderTableViewCell.h */ = {isa = PBXFileReference; fileEncoding = 4; lastKnownFileType = sourcecode.c.h; path = JJOrderTableViewCell.h; sourceTree = "<group>"; };
		B98C1FAF1CF9B1C600BFA31B /* JJOrderTableViewCell.m */ = {isa = PBXFileReference; fileEncoding = 4; lastKnownFileType = sourcecode.c.objc; path = JJOrderTableViewCell.m; sourceTree = "<group>"; };
		B98C1FB21CF9B3A300BFA31B /* JJOrderViewModel.h */ = {isa = PBXFileReference; fileEncoding = 4; lastKnownFileType = sourcecode.c.h; path = JJOrderViewModel.h; sourceTree = "<group>"; };
		B98C1FB31CF9B3A300BFA31B /* JJOrderViewModel.m */ = {isa = PBXFileReference; fileEncoding = 4; lastKnownFileType = sourcecode.c.objc; path = JJOrderViewModel.m; sourceTree = "<group>"; };
		B98C1FB81CF9C91D00BFA31B /* JJTableViewFooter.h */ = {isa = PBXFileReference; fileEncoding = 4; lastKnownFileType = sourcecode.c.h; path = JJTableViewFooter.h; sourceTree = "<group>"; };
		B98C1FB91CF9C91D00BFA31B /* JJTableViewFooter.m */ = {isa = PBXFileReference; fileEncoding = 4; lastKnownFileType = sourcecode.c.objc; path = JJTableViewFooter.m; sourceTree = "<group>"; };
		B98C1FBB1CF9CA2700BFA31B /* JJUserMessageCenterViewController.h */ = {isa = PBXFileReference; fileEncoding = 4; lastKnownFileType = sourcecode.c.h; path = JJUserMessageCenterViewController.h; sourceTree = "<group>"; };
		B98C1FBC1CF9CA2700BFA31B /* JJUserMessageCenterViewController.m */ = {isa = PBXFileReference; fileEncoding = 4; lastKnownFileType = sourcecode.c.objc; path = JJUserMessageCenterViewController.m; sourceTree = "<group>"; };
		B98C1FBE1CF9CA9800BFA31B /* JJUserCouponViewController.h */ = {isa = PBXFileReference; fileEncoding = 4; lastKnownFileType = sourcecode.c.h; path = JJUserCouponViewController.h; sourceTree = "<group>"; };
		B98C1FBF1CF9CA9800BFA31B /* JJUserCouponViewController.m */ = {isa = PBXFileReference; fileEncoding = 4; lastKnownFileType = sourcecode.c.objc; path = JJUserCouponViewController.m; sourceTree = "<group>"; };
		B98C1FC11CF9ED0300BFA31B /* JJUserAuthViewController.h */ = {isa = PBXFileReference; fileEncoding = 4; lastKnownFileType = sourcecode.c.h; path = JJUserAuthViewController.h; sourceTree = "<group>"; };
		B98C1FC21CF9ED0300BFA31B /* JJUserAuthViewController.m */ = {isa = PBXFileReference; fileEncoding = 4; lastKnownFileType = sourcecode.c.objc; path = JJUserAuthViewController.m; sourceTree = "<group>"; };
		B98C1FC41CFA041800BFA31B /* JJUserModifyViewController.h */ = {isa = PBXFileReference; fileEncoding = 4; lastKnownFileType = sourcecode.c.h; path = JJUserModifyViewController.h; sourceTree = "<group>"; };
		B98C1FC51CFA041800BFA31B /* JJUserModifyViewController.m */ = {isa = PBXFileReference; fileEncoding = 4; lastKnownFileType = sourcecode.c.objc; path = JJUserModifyViewController.m; sourceTree = "<group>"; };
		B98C1FCA1CFD6EFA00BFA31B /* JJActionSheetPicker.h */ = {isa = PBXFileReference; fileEncoding = 4; lastKnownFileType = sourcecode.c.h; path = JJActionSheetPicker.h; sourceTree = "<group>"; };
		B98C1FCB1CFD6EFA00BFA31B /* JJActionSheetPicker.m */ = {isa = PBXFileReference; fileEncoding = 4; lastKnownFileType = sourcecode.c.objc; path = JJActionSheetPicker.m; sourceTree = "<group>"; };
		B98C1FCD1CFECAFA00BFA31B /* JJQRCodeReaderViewController.h */ = {isa = PBXFileReference; fileEncoding = 4; lastKnownFileType = sourcecode.c.h; path = JJQRCodeReaderViewController.h; sourceTree = "<group>"; };
		B98C1FCE1CFECAFA00BFA31B /* JJQRCodeReaderViewController.m */ = {isa = PBXFileReference; fileEncoding = 4; lastKnownFileType = sourcecode.c.objc; path = JJQRCodeReaderViewController.m; sourceTree = "<group>"; };
		B98C20111CFEDD9000BFA31B /* JJHomeTripDetailView.h */ = {isa = PBXFileReference; fileEncoding = 4; lastKnownFileType = sourcecode.c.h; path = JJHomeTripDetailView.h; sourceTree = "<group>"; };
		B98C20121CFEDD9000BFA31B /* JJHomeTripDetailView.m */ = {isa = PBXFileReference; fileEncoding = 4; lastKnownFileType = sourcecode.c.objc; path = JJHomeTripDetailView.m; sourceTree = "<group>"; };
		B98C20141CFF1AC200BFA31B /* JJUserAboutViewController.h */ = {isa = PBXFileReference; fileEncoding = 4; lastKnownFileType = sourcecode.c.h; path = JJUserAboutViewController.h; sourceTree = "<group>"; };
		B98C20151CFF1AC200BFA31B /* JJUserAboutViewController.m */ = {isa = PBXFileReference; fileEncoding = 4; lastKnownFileType = sourcecode.c.objc; path = JJUserAboutViewController.m; sourceTree = "<group>"; };
		B98C20171D00015500BFA31B /* JJGuideViewController.h */ = {isa = PBXFileReference; fileEncoding = 4; lastKnownFileType = sourcecode.c.h; path = JJGuideViewController.h; sourceTree = "<group>"; };
		B98C20181D00015500BFA31B /* JJGuideViewController.m */ = {isa = PBXFileReference; fileEncoding = 4; lastKnownFileType = sourcecode.c.objc; path = JJGuideViewController.m; sourceTree = "<group>"; };
		B9948FF31CF6D3C700EFE22F /* JJSetRegularAddressViewController.h */ = {isa = PBXFileReference; fileEncoding = 4; lastKnownFileType = sourcecode.c.h; path = JJSetRegularAddressViewController.h; sourceTree = "<group>"; };
		B9948FF41CF6D3C700EFE22F /* JJSetRegularAddressViewController.m */ = {isa = PBXFileReference; fileEncoding = 4; lastKnownFileType = sourcecode.c.objc; path = JJSetRegularAddressViewController.m; sourceTree = "<group>"; };
		B9948FF61CF6D3DA00EFE22F /* JJRegularAddressView.h */ = {isa = PBXFileReference; fileEncoding = 4; lastKnownFileType = sourcecode.c.h; path = JJRegularAddressView.h; sourceTree = "<group>"; };
		B9948FF71CF6D3DA00EFE22F /* JJRegularAddressView.m */ = {isa = PBXFileReference; fileEncoding = 4; lastKnownFileType = sourcecode.c.objc; path = JJRegularAddressView.m; sourceTree = "<group>"; };
		B9D4D5A51CB651C400B7B90D /* E-Car.app */ = {isa = PBXFileReference; explicitFileType = wrapper.application; includeInIndex = 0; path = "E-Car.app"; sourceTree = BUILT_PRODUCTS_DIR; };
		B9D4D5A91CB651C400B7B90D /* main.m */ = {isa = PBXFileReference; lastKnownFileType = sourcecode.c.objc; path = main.m; sourceTree = "<group>"; };
		B9D4D5AB1CB651C400B7B90D /* AppDelegate.h */ = {isa = PBXFileReference; lastKnownFileType = sourcecode.c.h; path = AppDelegate.h; sourceTree = "<group>"; };
		B9D4D5AC1CB651C400B7B90D /* AppDelegate.m */ = {isa = PBXFileReference; lastKnownFileType = sourcecode.c.objc; path = AppDelegate.m; sourceTree = "<group>"; };
		B9D4D5B91CB651C400B7B90D /* Info.plist */ = {isa = PBXFileReference; lastKnownFileType = text.plist.xml; path = Info.plist; sourceTree = "<group>"; };
		B9D4D5BE1CB651C400B7B90D /* JiaJiaTests.xctest */ = {isa = PBXFileReference; explicitFileType = wrapper.cfbundle; includeInIndex = 0; path = JiaJiaTests.xctest; sourceTree = BUILT_PRODUCTS_DIR; };
		B9D4D5C21CB651C400B7B90D /* JiaJiaTests.m */ = {isa = PBXFileReference; lastKnownFileType = sourcecode.c.objc; path = JiaJiaTests.m; sourceTree = "<group>"; };
		B9D4D5C41CB651C400B7B90D /* Info.plist */ = {isa = PBXFileReference; lastKnownFileType = text.plist.xml; path = Info.plist; sourceTree = "<group>"; };
		B9D4D5C91CB651C400B7B90D /* JiaJiaUITests.xctest */ = {isa = PBXFileReference; explicitFileType = wrapper.cfbundle; includeInIndex = 0; path = JiaJiaUITests.xctest; sourceTree = BUILT_PRODUCTS_DIR; };
		B9D4D5CD1CB651C400B7B90D /* JiaJiaUITests.m */ = {isa = PBXFileReference; lastKnownFileType = sourcecode.c.objc; path = JiaJiaUITests.m; sourceTree = "<group>"; };
		B9D4D5CF1CB651C400B7B90D /* Info.plist */ = {isa = PBXFileReference; lastKnownFileType = text.plist.xml; path = Info.plist; sourceTree = "<group>"; };
		B9D4D5E31CB69FE300B7B90D /* Podfile */ = {isa = PBXFileReference; fileEncoding = 4; lastKnownFileType = text; path = Podfile; sourceTree = "<group>"; xcLanguageSpecificationIdentifier = xcode.lang.ruby; };
		B9D4D5E61CB6A6AB00B7B90D /* JJMapAPIKey.h */ = {isa = PBXFileReference; lastKnownFileType = sourcecode.c.h; path = JJMapAPIKey.h; sourceTree = "<group>"; };
		E063754B079967D4242C1E27 /* Pods.release.xcconfig */ = {isa = PBXFileReference; includeInIndex = 1; lastKnownFileType = text.xcconfig; name = Pods.release.xcconfig; path = "Pods/Target Support Files/Pods/Pods.release.xcconfig"; sourceTree = "<group>"; };
/* End PBXFileReference section */

/* Begin PBXFrameworksBuildPhase section */
		B9D4D5A21CB651C400B7B90D /* Frameworks */ = {
			isa = PBXFrameworksBuildPhase;
			buildActionMask = 2147483647;
			files = (
				25EE2D4F70DCF79F8A2CFDC1 /* libPods.a in Frameworks */,
			);
			runOnlyForDeploymentPostprocessing = 0;
		};
		B9D4D5BB1CB651C400B7B90D /* Frameworks */ = {
			isa = PBXFrameworksBuildPhase;
			buildActionMask = 2147483647;
			files = (
			);
			runOnlyForDeploymentPostprocessing = 0;
		};
		B9D4D5C61CB651C400B7B90D /* Frameworks */ = {
			isa = PBXFrameworksBuildPhase;
			buildActionMask = 2147483647;
			files = (
			);
			runOnlyForDeploymentPostprocessing = 0;
		};
/* End PBXFrameworksBuildPhase section */

/* Begin PBXGroup section */
		5692E8D922A7BB96B58585BE /* Pods */ = {
			isa = PBXGroup;
			children = (
				8BBA2AB4D97922F8FE78E15E /* Pods.debug.xcconfig */,
				E063754B079967D4242C1E27 /* Pods.release.xcconfig */,
			);
			name = Pods;
			sourceTree = "<group>";
		};
		B9509AF21CD49631001A778B /* User */ = {
			isa = PBXGroup;
			children = (
				B9509AF31CD49631001A778B /* Controllers */,
				B9509AF41CD49631001A778B /* Models */,
				B9509AF51CD49631001A778B /* Views */,
			);
			path = User;
			sourceTree = "<group>";
		};
		B9509AF31CD49631001A778B /* Controllers */ = {
			isa = PBXGroup;
			children = (
				B9509AF61CD49649001A778B /* JJUserViewController.h */,
				B9509AF71CD49649001A778B /* JJUserViewController.m */,
				B9509B101CDD0D53001A778B /* JJUserLoginViewController.h */,
				B9509B111CDD0D53001A778B /* JJUserLoginViewController.m */,
				B9509B191CDF3AF3001A778B /* JJUserRegisterViewController.h */,
				B9509B1A1CDF3AF3001A778B /* JJUserRegisterViewController.m */,
				B98C1FBB1CF9CA2700BFA31B /* JJUserMessageCenterViewController.h */,
				B98C1FBC1CF9CA2700BFA31B /* JJUserMessageCenterViewController.m */,
				B98C1FBE1CF9CA9800BFA31B /* JJUserCouponViewController.h */,
				B98C1FBF1CF9CA9800BFA31B /* JJUserCouponViewController.m */,
				B98C1FC11CF9ED0300BFA31B /* JJUserAuthViewController.h */,
				B98C1FC21CF9ED0300BFA31B /* JJUserAuthViewController.m */,
				B98C1FC41CFA041800BFA31B /* JJUserModifyViewController.h */,
				B98C1FC51CFA041800BFA31B /* JJUserModifyViewController.m */,
				B98C20141CFF1AC200BFA31B /* JJUserAboutViewController.h */,
				B98C20151CFF1AC200BFA31B /* JJUserAboutViewController.m */,
			);
			path = Controllers;
			sourceTree = "<group>";
		};
		B9509AF41CD49631001A778B /* Models */ = {
			isa = PBXGroup;
			children = (
			);
			path = Models;
			sourceTree = "<group>";
		};
		B9509AF51CD49631001A778B /* Views */ = {
			isa = PBXGroup;
			children = (
				B9509B161CDE33AB001A778B /* JJUserTableViewCell.h */,
				B9509B171CDE33AB001A778B /* JJUserTableViewCell.m */,
			);
			path = Views;
			sourceTree = "<group>";
		};
		B9509AFC1CD89093001A778B /* Resources */ = {
			isa = PBXGroup;
			children = (
				B96FB6191D007E6400DCD98A /* about_photo.jpg */,
				B98C1F9D1CF8853400BFA31B /* launch_1.png */,
				B98C1F9F1CF8853400BFA31B /* launch_2.png */,
				B98C1FA11CF8853400BFA31B /* launch_3.png */,
				B9509B011CD8916D001A778B /* default_avatar.png */,
				B9509AFD1CD89093001A778B /* buttonImage.png */,
				B9509AFF1CD890C1001A778B /* user.json */,
				B9509B061CD91475001A778B /* address.json */,
			);
			path = Resources;
			sourceTree = "<group>";
		};
		B9509B301CE21104001A778B /* Views */ = {
			isa = PBXGroup;
			children = (
				B9509B311CE21124001A778B /* JJVehicleView.h */,
				B9509B321CE21124001A778B /* JJVehicleView.m */,
				B9509B341CE2120C001A778B /* JJVehicleSpeedView.h */,
				B9509B351CE2120C001A778B /* JJVehicleSpeedView.m */,
				B9509B371CE2121C001A778B /* JJVehicleInfoView.h */,
				B9509B381CE2121C001A778B /* JJVehicleInfoView.m */,
				B9509B3A1CE216D9001A778B /* JJVehicleInfoContainerView.h */,
				B9509B3B1CE216D9001A778B /* JJVehicleInfoContainerView.m */,
			);
			path = Views;
			sourceTree = "<group>";
		};
		B9511B8E1CB91BE2005582EA /* Controllers */ = {
			isa = PBXGroup;
			children = (
				B9511B8F1CB91BE2005582EA /* JJHomeViewController.h */,
				B9511B901CB91BE2005582EA /* JJHomeViewController.m */,
			);
			path = Controllers;
			sourceTree = "<group>";
		};
		B9511B911CB91BE2005582EA /* Views */ = {
			isa = PBXGroup;
			children = (
				B9511BAB1CC7A186005582EA /* JJUserCenterView.h */,
				B9511BAC1CC7A186005582EA /* JJUserCenterView.m */,
				B9511BAE1CCFCB7F005582EA /* JJHomeExtensionView.h */,
				B9511BAF1CCFCB7F005582EA /* JJHomeExtensionView.m */,
				B9511BB11CCFCC78005582EA /* JJLocationView.h */,
				B9511BB21CCFCC78005582EA /* JJLocationView.m */,
				B98C20111CFEDD9000BFA31B /* JJHomeTripDetailView.h */,
				B98C20121CFEDD9000BFA31B /* JJHomeTripDetailView.m */,
			);
			path = Views;
			sourceTree = "<group>";
		};
		B9511B941CBC1669005582EA /* Vehicle */ = {
			isa = PBXGroup;
			children = (
				B9509B301CE21104001A778B /* Views */,
				B9511B951CBC1669005582EA /* Model */,
				B9511B961CBC1669005582EA /* ViewController */,
				B9511B971CBC1669005582EA /* ViewModel */,
			);
			path = Vehicle;
			sourceTree = "<group>";
		};
		B9511B951CBC1669005582EA /* Model */ = {
			isa = PBXGroup;
			children = (
				B9511B981CBC168D005582EA /* JJVehicleModel.h */,
				B9511B991CBC168D005582EA /* JJVehicleModel.m */,
			);
			path = Model;
			sourceTree = "<group>";
		};
		B9511B961CBC1669005582EA /* ViewController */ = {
			isa = PBXGroup;
			children = (
				B9511B9E1CBC16BA005582EA /* JJVehicleViewController.h */,
				B9511B9F1CBC16BA005582EA /* JJVehicleViewController.m */,
				B98C1FCD1CFECAFA00BFA31B /* JJQRCodeReaderViewController.h */,
				B98C1FCE1CFECAFA00BFA31B /* JJQRCodeReaderViewController.m */,
			);
			path = ViewController;
			sourceTree = "<group>";
		};
		B9511B971CBC1669005582EA /* ViewModel */ = {
			isa = PBXGroup;
			children = (
				B9511B9B1CBC16A6005582EA /* JJVehicleViewModel.h */,
				B9511B9C1CBC16A6005582EA /* JJVehicleViewModel.m */,
			);
			path = ViewModel;
			sourceTree = "<group>";
		};
		B9511BA11CBC1858005582EA /* Public */ = {
			isa = PBXGroup;
			children = (
				B9511BA81CC7A161005582EA /* JJSlideView.h */,
				B9511BA91CC7A161005582EA /* JJSlideView.m */,
				B9511BA21CBC1871005582EA /* JJBaseViewModel.h */,
				B9511BA31CBC1871005582EA /* JJBaseViewModel.m */,
				B9509B0C1CDD0AC7001A778B /* JJBmobEngine.h */,
				B9509B0D1CDD0AC7001A778B /* JJBmobEngine.m */,
				B9509B0F1CDD0B53001A778B /* JJGlobal.h */,
				B9509B3D1CE3841E001A778B /* JJQiniuEngine.h */,
				B9509B3E1CE3841E001A778B /* JJQiniuEngine.m */,
				B98C1FB81CF9C91D00BFA31B /* JJTableViewFooter.h */,
				B98C1FB91CF9C91D00BFA31B /* JJTableViewFooter.m */,
				B98C1FCA1CFD6EFA00BFA31B /* JJActionSheetPicker.h */,
				B98C1FCB1CFD6EFA00BFA31B /* JJActionSheetPicker.m */,
				B98C20171D00015500BFA31B /* JJGuideViewController.h */,
				B98C20181D00015500BFA31B /* JJGuideViewController.m */,
			);
			path = Public;
			sourceTree = "<group>";
		};
		B983FDEC1CF4538D0034ACEA /* Categories */ = {
			isa = PBXGroup;
			children = (
				B983FDF01CF453B70034ACEA /* UIColor+Hex.h */,
				B983FDF11CF453B70034ACEA /* UIColor+Hex.m */,
			);
			path = Categories;
			sourceTree = "<group>";
		};
		B98A37961CD123BE00E9CC5A /* Address */ = {
			isa = PBXGroup;
			children = (
				B98A37971CD123F800E9CC5A /* Controllers */,
				B98A379A1CD123F800E9CC5A /* Views */,
			);
			path = Address;
			sourceTree = "<group>";
		};
		B98A37971CD123F800E9CC5A /* Controllers */ = {
			isa = PBXGroup;
			children = (
				B9509B031CD91403001A778B /* JJAddAddressViewController.h */,
				B9509B041CD91403001A778B /* JJAddAddressViewController.m */,
				B9948FF31CF6D3C700EFE22F /* JJSetRegularAddressViewController.h */,
				B9948FF41CF6D3C700EFE22F /* JJSetRegularAddressViewController.m */,
			);
			path = Controllers;
			sourceTree = "<group>";
		};
		B98A379A1CD123F800E9CC5A /* Views */ = {
			isa = PBXGroup;
			children = (
				B9509B081CD9E189001A778B /* JJAddAddressCollectionViewCell.h */,
				B9509B091CD9E189001A778B /* JJAddAddressCollectionViewCell.m */,
				B9948FF61CF6D3DA00EFE22F /* JJRegularAddressView.h */,
				B9948FF71CF6D3DA00EFE22F /* JJRegularAddressView.m */,
			);
			path = Views;
			sourceTree = "<group>";
		};
		B98C1F801CF820A100BFA31B /* Pay */ = {
			isa = PBXGroup;
			children = (
				B98C1F811CF820A100BFA31B /* Controllers */,
				B98C1F821CF820A100BFA31B /* Vendors */,
				B98C1F831CF820A100BFA31B /* Views */,
			);
			path = Pay;
			sourceTree = "<group>";
		};
		B98C1F811CF820A100BFA31B /* Controllers */ = {
			isa = PBXGroup;
			children = (
				B98C1F841CF820B800BFA31B /* JJPayViewController.h */,
				B98C1F851CF820B800BFA31B /* JJPayViewController.m */,
				B98C1F971CF87F5700BFA31B /* JJPaySuccessViewController.h */,
				B98C1F981CF87F5700BFA31B /* JJPaySuccessViewController.m */,
			);
			path = Controllers;
			sourceTree = "<group>";
		};
		B98C1F821CF820A100BFA31B /* Vendors */ = {
			isa = PBXGroup;
			children = (
			);
			path = Vendors;
			sourceTree = "<group>";
		};
		B98C1F831CF820A100BFA31B /* Views */ = {
			isa = PBXGroup;
			children = (
				B98C1F871CF8259700BFA31B /* JJPaySectionHeadView.h */,
				B98C1F881CF8259700BFA31B /* JJPaySectionHeadView.m */,
				B98C1F911CF82C4900BFA31B /* JJPayDetailAmountCell.h */,
				B98C1F921CF82C4900BFA31B /* JJPayDetailAmountCell.m */,
				B98C1F941CF82C5800BFA31B /* JJPayTypeCell.h */,
				B98C1F951CF82C5800BFA31B /* JJPayTypeCell.m */,
				B98C1F9A1CF87F7D00BFA31B /* JJPaySuccessView.h */,
				B98C1F9B1CF87F7D00BFA31B /* JJPaySuccessView.m */,
			);
			path = Views;
			sourceTree = "<group>";
		};
		B98C1F8A1CF82A8500BFA31B /* Order */ = {
			isa = PBXGroup;
			children = (
				B98C1FB11CF9B38700BFA31B /* ViewModels */,
				B98C1F8B1CF82A8500BFA31B /* Controllers */,
				B98C1F8C1CF82A8500BFA31B /* Models */,
				B98C1F8D1CF82A8500BFA31B /* Views */,
			);
			path = Order;
			sourceTree = "<group>";
		};
		B98C1F8B1CF82A8500BFA31B /* Controllers */ = {
			isa = PBXGroup;
			children = (
				B98C1FAB1CF9ACCA00BFA31B /* JJOrderViewController.h */,
				B98C1FAC1CF9ACCA00BFA31B /* JJOrderViewController.m */,
			);
			path = Controllers;
			sourceTree = "<group>";
		};
		B98C1F8C1CF82A8500BFA31B /* Models */ = {
			isa = PBXGroup;
			children = (
				B9518DD41D01D66100A1337D /* JJOrderModel.h */,
				B9518DD51D01D66100A1337D /* JJOrderModel.m */,
			);
			path = Models;
			sourceTree = "<group>";
		};
		B98C1F8D1CF82A8500BFA31B /* Views */ = {
			isa = PBXGroup;
			children = (
				B98C1FAE1CF9B1C600BFA31B /* JJOrderTableViewCell.h */,
				B98C1FAF1CF9B1C600BFA31B /* JJOrderTableViewCell.m */,
			);
			path = Views;
			sourceTree = "<group>";
		};
		B98C1FB11CF9B38700BFA31B /* ViewModels */ = {
			isa = PBXGroup;
			children = (
				B98C1FB21CF9B3A300BFA31B /* JJOrderViewModel.h */,
				B98C1FB31CF9B3A300BFA31B /* JJOrderViewModel.m */,
			);
			path = ViewModels;
			sourceTree = "<group>";
		};
		B9D4D59C1CB651C400B7B90D = {
			isa = PBXGroup;
			children = (
				B98C1FA91CF885E100BFA31B /* Assets.xcassets */,
				B9D4D5E31CB69FE300B7B90D /* Podfile */,
				B9D4D5A71CB651C400B7B90D /* JiaJia */,
				B9D4D5C11CB651C400B7B90D /* JiaJiaTests */,
				B9D4D5CC1CB651C400B7B90D /* JiaJiaUITests */,
				B9D4D5A61CB651C400B7B90D /* Products */,
				5692E8D922A7BB96B58585BE /* Pods */,
				BE0A60D0ED4859D358E3C467 /* Frameworks */,
			);
			sourceTree = "<group>";
		};
		B9D4D5A61CB651C400B7B90D /* Products */ = {
			isa = PBXGroup;
			children = (
				B9D4D5A51CB651C400B7B90D /* E-Car.app */,
				B9D4D5BE1CB651C400B7B90D /* JiaJiaTests.xctest */,
				B9D4D5C91CB651C400B7B90D /* JiaJiaUITests.xctest */,
			);
			name = Products;
			sourceTree = "<group>";
		};
		B9D4D5A71CB651C400B7B90D /* JiaJia */ = {
			isa = PBXGroup;
			children = (
				B98C1F8A1CF82A8500BFA31B /* Order */,
				B98C1F801CF820A100BFA31B /* Pay */,
				B983FDEC1CF4538D0034ACEA /* Categories */,
				B9509AFC1CD89093001A778B /* Resources */,
				B9509AF21CD49631001A778B /* User */,
				B98A37961CD123BE00E9CC5A /* Address */,
				B9511BA11CBC1858005582EA /* Public */,
				B9511B941CBC1669005582EA /* Vehicle */,
				B9D4D5E51CB6A68500B7B90D /* Configuration */,
				B9D4D5DB1CB652B900B7B90D /* Home */,
				B9D4D5AB1CB651C400B7B90D /* AppDelegate.h */,
				B9D4D5AC1CB651C400B7B90D /* AppDelegate.m */,
				B9D4D5B91CB651C400B7B90D /* Info.plist */,
				B9D4D5A81CB651C400B7B90D /* Supporting Files */,
			);
			path = JiaJia;
			sourceTree = "<group>";
		};
		B9D4D5A81CB651C400B7B90D /* Supporting Files */ = {
			isa = PBXGroup;
			children = (
				B9D4D5A91CB651C400B7B90D /* main.m */,
			);
			name = "Supporting Files";
			sourceTree = "<group>";
		};
		B9D4D5C11CB651C400B7B90D /* JiaJiaTests */ = {
			isa = PBXGroup;
			children = (
				B9D4D5C21CB651C400B7B90D /* JiaJiaTests.m */,
				B9D4D5C41CB651C400B7B90D /* Info.plist */,
			);
			path = JiaJiaTests;
			sourceTree = "<group>";
		};
		B9D4D5CC1CB651C400B7B90D /* JiaJiaUITests */ = {
			isa = PBXGroup;
			children = (
				B9D4D5CD1CB651C400B7B90D /* JiaJiaUITests.m */,
				B9D4D5CF1CB651C400B7B90D /* Info.plist */,
			);
			path = JiaJiaUITests;
			sourceTree = "<group>";
		};
		B9D4D5DB1CB652B900B7B90D /* Home */ = {
			isa = PBXGroup;
			children = (
				B9511B8E1CB91BE2005582EA /* Controllers */,
				B9511B911CB91BE2005582EA /* Views */,
			);
			path = Home;
			sourceTree = "<group>";
		};
		B9D4D5E51CB6A68500B7B90D /* Configuration */ = {
			isa = PBXGroup;
			children = (
				B9D4D5E61CB6A6AB00B7B90D /* JJMapAPIKey.h */,
				B9511B931CBC1347005582EA /* JJBlueToothConfig.h */,
				B9509B0B1CDC7338001A778B /* JJBmobKey.h */,
			);
			path = Configuration;
			sourceTree = "<group>";
		};
		BE0A60D0ED4859D358E3C467 /* Frameworks */ = {
			isa = PBXGroup;
			children = (
				4D022C8A3767389B7CA8251D /* libPods.a */,
			);
			name = Frameworks;
			sourceTree = "<group>";
		};
/* End PBXGroup section */

/* Begin PBXNativeTarget section */
		B9D4D5A41CB651C400B7B90D /* JiaJia */ = {
			isa = PBXNativeTarget;
			buildConfigurationList = B9D4D5D21CB651C400B7B90D /* Build configuration list for PBXNativeTarget "JiaJia" */;
			buildPhases = (
				6B50185FD4D36F0973358D11 /* Check Pods Manifest.lock */,
				B9D4D5A11CB651C400B7B90D /* Sources */,
				B9D4D5A21CB651C400B7B90D /* Frameworks */,
				B9D4D5A31CB651C400B7B90D /* Resources */,
				5C10FEDB7EE9C2FF1A305AC7 /* Embed Pods Frameworks */,
				93EFA3314C32763E668B1002 /* Copy Pods Resources */,
			);
			buildRules = (
			);
			dependencies = (
			);
			name = JiaJia;
			productName = JiaJia;
			productReference = B9D4D5A51CB651C400B7B90D /* E-Car.app */;
			productType = "com.apple.product-type.application";
		};
		B9D4D5BD1CB651C400B7B90D /* JiaJiaTests */ = {
			isa = PBXNativeTarget;
			buildConfigurationList = B9D4D5D51CB651C400B7B90D /* Build configuration list for PBXNativeTarget "JiaJiaTests" */;
			buildPhases = (
				B9D4D5BA1CB651C400B7B90D /* Sources */,
				B9D4D5BB1CB651C400B7B90D /* Frameworks */,
				B9D4D5BC1CB651C400B7B90D /* Resources */,
			);
			buildRules = (
			);
			dependencies = (
				B9D4D5C01CB651C400B7B90D /* PBXTargetDependency */,
			);
			name = JiaJiaTests;
			productName = JiaJiaTests;
			productReference = B9D4D5BE1CB651C400B7B90D /* JiaJiaTests.xctest */;
			productType = "com.apple.product-type.bundle.unit-test";
		};
		B9D4D5C81CB651C400B7B90D /* JiaJiaUITests */ = {
			isa = PBXNativeTarget;
			buildConfigurationList = B9D4D5D81CB651C400B7B90D /* Build configuration list for PBXNativeTarget "JiaJiaUITests" */;
			buildPhases = (
				B9D4D5C51CB651C400B7B90D /* Sources */,
				B9D4D5C61CB651C400B7B90D /* Frameworks */,
				B9D4D5C71CB651C400B7B90D /* Resources */,
			);
			buildRules = (
			);
			dependencies = (
				B9D4D5CB1CB651C400B7B90D /* PBXTargetDependency */,
			);
			name = JiaJiaUITests;
			productName = JiaJiaUITests;
			productReference = B9D4D5C91CB651C400B7B90D /* JiaJiaUITests.xctest */;
			productType = "com.apple.product-type.bundle.ui-testing";
		};
/* End PBXNativeTarget section */

/* Begin PBXProject section */
		B9D4D59D1CB651C400B7B90D /* Project object */ = {
			isa = PBXProject;
			attributes = {
				LastUpgradeCheck = 0730;
				ORGANIZATIONNAME = jojoting;
				TargetAttributes = {
					B9D4D5A41CB651C400B7B90D = {
						CreatedOnToolsVersion = 7.3;
						DevelopmentTeam = EL267FJ9ZW;
						SystemCapabilities = {
							com.apple.BackgroundModes = {
								enabled = 1;
							};
						};
					};
					B9D4D5BD1CB651C400B7B90D = {
						CreatedOnToolsVersion = 7.3;
						TestTargetID = B9D4D5A41CB651C400B7B90D;
					};
					B9D4D5C81CB651C400B7B90D = {
						CreatedOnToolsVersion = 7.3;
						TestTargetID = B9D4D5A41CB651C400B7B90D;
					};
				};
			};
			buildConfigurationList = B9D4D5A01CB651C400B7B90D /* Build configuration list for PBXProject "JiaJia" */;
			compatibilityVersion = "Xcode 3.2";
			developmentRegion = English;
			hasScannedForEncodings = 0;
			knownRegions = (
				en,
				Base,
			);
			mainGroup = B9D4D59C1CB651C400B7B90D;
			productRefGroup = B9D4D5A61CB651C400B7B90D /* Products */;
			projectDirPath = "";
			projectRoot = "";
			targets = (
				B9D4D5A41CB651C400B7B90D /* JiaJia */,
				B9D4D5BD1CB651C400B7B90D /* JiaJiaTests */,
				B9D4D5C81CB651C400B7B90D /* JiaJiaUITests */,
			);
		};
/* End PBXProject section */

/* Begin PBXResourcesBuildPhase section */
		B9D4D5A31CB651C400B7B90D /* Resources */ = {
			isa = PBXResourcesBuildPhase;
			buildActionMask = 2147483647;
			files = (
				B96FB61A1D007E6400DCD98A /* about_photo.jpg in Resources */,
				B98C1FA31CF8853400BFA31B /* launch_1.png in Resources */,
				B9509B001CD890C1001A778B /* user.json in Resources */,
				B98C1FA71CF8853400BFA31B /* launch_3.png in Resources */,
				B9509B021CD8916D001A778B /* default_avatar.png in Resources */,
				B9509B071CD91475001A778B /* address.json in Resources */,
				B9509AFE1CD89093001A778B /* buttonImage.png in Resources */,
				B98C1FA51CF8853400BFA31B /* launch_2.png in Resources */,
				B98C1FAA1CF885E100BFA31B /* Assets.xcassets in Resources */,
				B9D4D5E41CB69FE300B7B90D /* Podfile in Resources */,
			);
			runOnlyForDeploymentPostprocessing = 0;
		};
		B9D4D5BC1CB651C400B7B90D /* Resources */ = {
			isa = PBXResourcesBuildPhase;
			buildActionMask = 2147483647;
			files = (
			);
			runOnlyForDeploymentPostprocessing = 0;
		};
		B9D4D5C71CB651C400B7B90D /* Resources */ = {
			isa = PBXResourcesBuildPhase;
			buildActionMask = 2147483647;
			files = (
			);
			runOnlyForDeploymentPostprocessing = 0;
		};
/* End PBXResourcesBuildPhase section */

/* Begin PBXShellScriptBuildPhase section */
		5C10FEDB7EE9C2FF1A305AC7 /* Embed Pods Frameworks */ = {
			isa = PBXShellScriptBuildPhase;
			buildActionMask = 2147483647;
			files = (
			);
			inputPaths = (
			);
			name = "Embed Pods Frameworks";
			outputPaths = (
			);
			runOnlyForDeploymentPostprocessing = 0;
			shellPath = /bin/sh;
			shellScript = "\"${SRCROOT}/Pods/Target Support Files/Pods/Pods-frameworks.sh\"\n";
			showEnvVarsInLog = 0;
		};
		6B50185FD4D36F0973358D11 /* Check Pods Manifest.lock */ = {
			isa = PBXShellScriptBuildPhase;
			buildActionMask = 2147483647;
			files = (
			);
			inputPaths = (
			);
			name = "Check Pods Manifest.lock";
			outputPaths = (
			);
			runOnlyForDeploymentPostprocessing = 0;
			shellPath = /bin/sh;
			shellScript = "diff \"${PODS_ROOT}/../Podfile.lock\" \"${PODS_ROOT}/Manifest.lock\" > /dev/null\nif [[ $? != 0 ]] ; then\n    cat << EOM\nerror: The sandbox is not in sync with the Podfile.lock. Run 'pod install' or update your CocoaPods installation.\nEOM\n    exit 1\nfi\n";
			showEnvVarsInLog = 0;
		};
		93EFA3314C32763E668B1002 /* Copy Pods Resources */ = {
			isa = PBXShellScriptBuildPhase;
			buildActionMask = 2147483647;
			files = (
			);
			inputPaths = (
			);
			name = "Copy Pods Resources";
			outputPaths = (
			);
			runOnlyForDeploymentPostprocessing = 0;
			shellPath = /bin/sh;
			shellScript = "\"${SRCROOT}/Pods/Target Support Files/Pods/Pods-resources.sh\"\n";
			showEnvVarsInLog = 0;
		};
/* End PBXShellScriptBuildPhase section */

/* Begin PBXSourcesBuildPhase section */
		B9D4D5A11CB651C400B7B90D /* Sources */ = {
			isa = PBXSourcesBuildPhase;
			buildActionMask = 2147483647;
			files = (
				B9511B9A1CBC168D005582EA /* JJVehicleModel.m in Sources */,
				B9509B121CDD0D53001A778B /* JJUserLoginViewController.m in Sources */,
				B9511BA01CBC16BA005582EA /* JJVehicleViewController.m in Sources */,
				B98C20161CFF1AC200BFA31B /* JJUserAboutViewController.m in Sources */,
				B98C20131CFEDD9000BFA31B /* JJHomeTripDetailView.m in Sources */,
				B9511B9D1CBC16A6005582EA /* JJVehicleViewModel.m in Sources */,
				B98C1FC01CF9CA9800BFA31B /* JJUserCouponViewController.m in Sources */,
				B9509B1B1CDF3AF3001A778B /* JJUserRegisterViewController.m in Sources */,
				B9511BAD1CC7A186005582EA /* JJUserCenterView.m in Sources */,
				B9511B921CB91BE2005582EA /* JJHomeViewController.m in Sources */,
				B9948FF51CF6D3C700EFE22F /* JJSetRegularAddressViewController.m in Sources */,
				B98C1FC31CF9ED0300BFA31B /* JJUserAuthViewController.m in Sources */,
				B9511BB01CCFCB7F005582EA /* JJHomeExtensionView.m in Sources */,
				B9509B331CE21124001A778B /* JJVehicleView.m in Sources */,
				B9509B3C1CE216D9001A778B /* JJVehicleInfoContainerView.m in Sources */,
				B98C1FCC1CFD6EFA00BFA31B /* JJActionSheetPicker.m in Sources */,
				B9518DD61D01D66100A1337D /* JJOrderModel.m in Sources */,
				B98C1FC61CFA041800BFA31B /* JJUserModifyViewController.m in Sources */,
				B9509B3F1CE3841E001A778B /* JJQiniuEngine.m in Sources */,
				B9511BA41CBC1871005582EA /* JJBaseViewModel.m in Sources */,
				B98C1F991CF87F5700BFA31B /* JJPaySuccessViewController.m in Sources */,
				B9509AF81CD49649001A778B /* JJUserViewController.m in Sources */,
				B98C20191D00015500BFA31B /* JJGuideViewController.m in Sources */,
				B98C1FCF1CFECAFA00BFA31B /* JJQRCodeReaderViewController.m in Sources */,
				B983FDF21CF453B70034ACEA /* UIColor+Hex.m in Sources */,
				B9509B391CE2121C001A778B /* JJVehicleInfoView.m in Sources */,
				B9948FF81CF6D3DA00EFE22F /* JJRegularAddressView.m in Sources */,
				B98C1F961CF82C5800BFA31B /* JJPayTypeCell.m in Sources */,
				B9509B361CE2120C001A778B /* JJVehicleSpeedView.m in Sources */,
				B98C1FAD1CF9ACCA00BFA31B /* JJOrderViewController.m in Sources */,
				B98C1FBD1CF9CA2700BFA31B /* JJUserMessageCenterViewController.m in Sources */,
				B98C1F861CF820B800BFA31B /* JJPayViewController.m in Sources */,
				B98C1FBA1CF9C91D00BFA31B /* JJTableViewFooter.m in Sources */,
				B9511BAA1CC7A161005582EA /* JJSlideView.m in Sources */,
				B9D4D5AD1CB651C400B7B90D /* AppDelegate.m in Sources */,
				B9509B0A1CD9E189001A778B /* JJAddAddressCollectionViewCell.m in Sources */,
				B9509B051CD91403001A778B /* JJAddAddressViewController.m in Sources */,
				B98C1FB01CF9B1C600BFA31B /* JJOrderTableViewCell.m in Sources */,
				B9509B181CDE33AB001A778B /* JJUserTableViewCell.m in Sources */,
				B98C1FB41CF9B3A300BFA31B /* JJOrderViewModel.m in Sources */,
				B98C1F9C1CF87F7D00BFA31B /* JJPaySuccessView.m in Sources */,
				B9509B0E1CDD0AC7001A778B /* JJBmobEngine.m in Sources */,
				B98C1F891CF8259700BFA31B /* JJPaySectionHeadView.m in Sources */,
				B98C1F931CF82C4900BFA31B /* JJPayDetailAmountCell.m in Sources */,
				B9D4D5AA1CB651C400B7B90D /* main.m in Sources */,
				B9511BB31CCFCC78005582EA /* JJLocationView.m in Sources */,
			);
			runOnlyForDeploymentPostprocessing = 0;
		};
		B9D4D5BA1CB651C400B7B90D /* Sources */ = {
			isa = PBXSourcesBuildPhase;
			buildActionMask = 2147483647;
			files = (
				B9D4D5C31CB651C400B7B90D /* JiaJiaTests.m in Sources */,
			);
			runOnlyForDeploymentPostprocessing = 0;
		};
		B9D4D5C51CB651C400B7B90D /* Sources */ = {
			isa = PBXSourcesBuildPhase;
			buildActionMask = 2147483647;
			files = (
				B9D4D5CE1CB651C400B7B90D /* JiaJiaUITests.m in Sources */,
			);
			runOnlyForDeploymentPostprocessing = 0;
		};
/* End PBXSourcesBuildPhase section */

/* Begin PBXTargetDependency section */
		B9D4D5C01CB651C400B7B90D /* PBXTargetDependency */ = {
			isa = PBXTargetDependency;
			target = B9D4D5A41CB651C400B7B90D /* JiaJia */;
			targetProxy = B9D4D5BF1CB651C400B7B90D /* PBXContainerItemProxy */;
		};
		B9D4D5CB1CB651C400B7B90D /* PBXTargetDependency */ = {
			isa = PBXTargetDependency;
			target = B9D4D5A41CB651C400B7B90D /* JiaJia */;
			targetProxy = B9D4D5CA1CB651C400B7B90D /* PBXContainerItemProxy */;
		};
/* End PBXTargetDependency section */

/* Begin XCBuildConfiguration section */
		B9D4D5D01CB651C400B7B90D /* Debug */ = {
			isa = XCBuildConfiguration;
			buildSettings = {
				ALWAYS_SEARCH_USER_PATHS = NO;
				CLANG_ANALYZER_NONNULL = YES;
				CLANG_CXX_LANGUAGE_STANDARD = "gnu++0x";
				CLANG_CXX_LIBRARY = "libc++";
				CLANG_ENABLE_MODULES = YES;
				CLANG_ENABLE_OBJC_ARC = YES;
				CLANG_WARN_BOOL_CONVERSION = YES;
				CLANG_WARN_CONSTANT_CONVERSION = YES;
				CLANG_WARN_DIRECT_OBJC_ISA_USAGE = YES_ERROR;
				CLANG_WARN_EMPTY_BODY = YES;
				CLANG_WARN_ENUM_CONVERSION = YES;
				CLANG_WARN_INT_CONVERSION = YES;
				CLANG_WARN_OBJC_ROOT_CLASS = YES_ERROR;
				CLANG_WARN_UNREACHABLE_CODE = YES;
				CLANG_WARN__DUPLICATE_METHOD_MATCH = YES;
				CODE_SIGN_IDENTITY = "iPhone Developer";
				"CODE_SIGN_IDENTITY[sdk=iphoneos*]" = "iPhone Developer";
				COPY_PHASE_STRIP = NO;
				DEBUG_INFORMATION_FORMAT = dwarf;
				ENABLE_STRICT_OBJC_MSGSEND = YES;
				ENABLE_TESTABILITY = YES;
				GCC_C_LANGUAGE_STANDARD = gnu99;
				GCC_DYNAMIC_NO_PIC = NO;
				GCC_NO_COMMON_BLOCKS = YES;
				GCC_OPTIMIZATION_LEVEL = 0;
				GCC_PREPROCESSOR_DEFINITIONS = (
					"DEBUG=1",
					"$(inherited)",
				);
				GCC_WARN_64_TO_32_BIT_CONVERSION = YES;
				GCC_WARN_ABOUT_RETURN_TYPE = YES_ERROR;
				GCC_WARN_UNDECLARED_SELECTOR = YES;
				GCC_WARN_UNINITIALIZED_AUTOS = YES_AGGRESSIVE;
				GCC_WARN_UNUSED_FUNCTION = YES;
				GCC_WARN_UNUSED_VARIABLE = YES;
				IPHONEOS_DEPLOYMENT_TARGET = 9.3;
				MTL_ENABLE_DEBUG_INFO = YES;
				ONLY_ACTIVE_ARCH = YES;
				PROVISIONING_PROFILE = "";
				SDKROOT = iphoneos;
			};
			name = Debug;
		};
		B9D4D5D11CB651C400B7B90D /* Release */ = {
			isa = XCBuildConfiguration;
			buildSettings = {
				ALWAYS_SEARCH_USER_PATHS = NO;
				CLANG_ANALYZER_NONNULL = YES;
				CLANG_CXX_LANGUAGE_STANDARD = "gnu++0x";
				CLANG_CXX_LIBRARY = "libc++";
				CLANG_ENABLE_MODULES = YES;
				CLANG_ENABLE_OBJC_ARC = YES;
				CLANG_WARN_BOOL_CONVERSION = YES;
				CLANG_WARN_CONSTANT_CONVERSION = YES;
				CLANG_WARN_DIRECT_OBJC_ISA_USAGE = YES_ERROR;
				CLANG_WARN_EMPTY_BODY = YES;
				CLANG_WARN_ENUM_CONVERSION = YES;
				CLANG_WARN_INT_CONVERSION = YES;
				CLANG_WARN_OBJC_ROOT_CLASS = YES_ERROR;
				CLANG_WARN_UNREACHABLE_CODE = YES;
				CLANG_WARN__DUPLICATE_METHOD_MATCH = YES;
				CODE_SIGN_IDENTITY = "iPhone Developer";
				"CODE_SIGN_IDENTITY[sdk=iphoneos*]" = "iPhone Developer";
				COPY_PHASE_STRIP = NO;
				DEBUG_INFORMATION_FORMAT = "dwarf-with-dsym";
				ENABLE_NS_ASSERTIONS = NO;
				ENABLE_STRICT_OBJC_MSGSEND = YES;
				GCC_C_LANGUAGE_STANDARD = gnu99;
				GCC_NO_COMMON_BLOCKS = YES;
				GCC_WARN_64_TO_32_BIT_CONVERSION = YES;
				GCC_WARN_ABOUT_RETURN_TYPE = YES_ERROR;
				GCC_WARN_UNDECLARED_SELECTOR = YES;
				GCC_WARN_UNINITIALIZED_AUTOS = YES_AGGRESSIVE;
				GCC_WARN_UNUSED_FUNCTION = YES;
				GCC_WARN_UNUSED_VARIABLE = YES;
				IPHONEOS_DEPLOYMENT_TARGET = 9.3;
				MTL_ENABLE_DEBUG_INFO = NO;
				PROVISIONING_PROFILE = "";
				SDKROOT = iphoneos;
				VALIDATE_PRODUCT = YES;
			};
			name = Release;
		};
		B9D4D5D31CB651C400B7B90D /* Debug */ = {
			isa = XCBuildConfiguration;
			baseConfigurationReference = 8BBA2AB4D97922F8FE78E15E /* Pods.debug.xcconfig */;
			buildSettings = {
				ARCHS = "$(ARCHS_STANDARD)";
				ASSETCATALOG_COMPILER_APPICON_NAME = AppIcon;
				ASSETCATALOG_COMPILER_LAUNCHIMAGE_NAME = LaunchImage;
				CODE_SIGN_IDENTITY = "iPhone Developer";
				"CODE_SIGN_IDENTITY[sdk=iphoneos*]" = "iPhone Developer";
				ENABLE_BITCODE = NO;
				INFOPLIST_FILE = JiaJia/Info.plist;
				IPHONEOS_DEPLOYMENT_TARGET = 7.0;
				LD_RUNPATH_SEARCH_PATHS = "$(inherited) @executable_path/Frameworks";
				PRODUCT_BUNDLE_IDENTIFIER = com.jojo.JiaJia;
				PRODUCT_NAME = "E-Car";
				PROVISIONING_PROFILE = "";
			};
			name = Debug;
		};
		B9D4D5D41CB651C400B7B90D /* Release */ = {
			isa = XCBuildConfiguration;
			baseConfigurationReference = E063754B079967D4242C1E27 /* Pods.release.xcconfig */;
			buildSettings = {
				ARCHS = "$(ARCHS_STANDARD)";
				ASSETCATALOG_COMPILER_APPICON_NAME = AppIcon;
				ASSETCATALOG_COMPILER_LAUNCHIMAGE_NAME = LaunchImage;
				CODE_SIGN_IDENTITY = "iPhone Developer";
				"CODE_SIGN_IDENTITY[sdk=iphoneos*]" = "iPhone Developer";
				ENABLE_BITCODE = NO;
				INFOPLIST_FILE = JiaJia/Info.plist;
				IPHONEOS_DEPLOYMENT_TARGET = 7.0;
				LD_RUNPATH_SEARCH_PATHS = "$(inherited) @executable_path/Frameworks";
				PRODUCT_BUNDLE_IDENTIFIER = com.jojo.JiaJia;
				PRODUCT_NAME = "E-Car";
				PROVISIONING_PROFILE = "";
			};
			name = Release;
		};
		B9D4D5D61CB651C400B7B90D /* Debug */ = {
			isa = XCBuildConfiguration;
			buildSettings = {
				BUNDLE_LOADER = "$(TEST_HOST)";
				INFOPLIST_FILE = JiaJiaTests/Info.plist;
				LD_RUNPATH_SEARCH_PATHS = "$(inherited) @executable_path/Frameworks @loader_path/Frameworks";
				PRODUCT_BUNDLE_IDENTIFIER = jojo.JiaJiaTests;
				PRODUCT_NAME = "$(TARGET_NAME)";
				TEST_HOST = "$(BUILT_PRODUCTS_DIR)/JiaJia.app/JiaJia";
			};
			name = Debug;
		};
		B9D4D5D71CB651C400B7B90D /* Release */ = {
			isa = XCBuildConfiguration;
			buildSettings = {
				BUNDLE_LOADER = "$(TEST_HOST)";
				INFOPLIST_FILE = JiaJiaTests/Info.plist;
				LD_RUNPATH_SEARCH_PATHS = "$(inherited) @executable_path/Frameworks @loader_path/Frameworks";
				PRODUCT_BUNDLE_IDENTIFIER = jojo.JiaJiaTests;
				PRODUCT_NAME = "$(TARGET_NAME)";
				TEST_HOST = "$(BUILT_PRODUCTS_DIR)/JiaJia.app/JiaJia";
			};
			name = Release;
		};
		B9D4D5D91CB651C400B7B90D /* Debug */ = {
			isa = XCBuildConfiguration;
			buildSettings = {
				INFOPLIST_FILE = JiaJiaUITests/Info.plist;
				LD_RUNPATH_SEARCH_PATHS = "$(inherited) @executable_path/Frameworks @loader_path/Frameworks";
				PRODUCT_BUNDLE_IDENTIFIER = jojo.JiaJiaUITests;
				PRODUCT_NAME = "$(TARGET_NAME)";
				TEST_TARGET_NAME = JiaJia;
			};
			name = Debug;
		};
		B9D4D5DA1CB651C400B7B90D /* Release */ = {
			isa = XCBuildConfiguration;
			buildSettings = {
				INFOPLIST_FILE = JiaJiaUITests/Info.plist;
				LD_RUNPATH_SEARCH_PATHS = "$(inherited) @executable_path/Frameworks @loader_path/Frameworks";
				PRODUCT_BUNDLE_IDENTIFIER = jojo.JiaJiaUITests;
				PRODUCT_NAME = "$(TARGET_NAME)";
				TEST_TARGET_NAME = JiaJia;
			};
			name = Release;
		};
/* End XCBuildConfiguration section */

/* Begin XCConfigurationList section */
		B9D4D5A01CB651C400B7B90D /* Build configuration list for PBXProject "JiaJia" */ = {
			isa = XCConfigurationList;
			buildConfigurations = (
				B9D4D5D01CB651C400B7B90D /* Debug */,
				B9D4D5D11CB651C400B7B90D /* Release */,
			);
			defaultConfigurationIsVisible = 0;
			defaultConfigurationName = Debug;
		};
		B9D4D5D21CB651C400B7B90D /* Build configuration list for PBXNativeTarget "JiaJia" */ = {
			isa = XCConfigurationList;
			buildConfigurations = (
				B9D4D5D31CB651C400B7B90D /* Debug */,
				B9D4D5D41CB651C400B7B90D /* Release */,
			);
			defaultConfigurationIsVisible = 0;
			defaultConfigurationName = Debug;
		};
		B9D4D5D51CB651C400B7B90D /* Build configuration list for PBXNativeTarget "JiaJiaTests" */ = {
			isa = XCConfigurationList;
			buildConfigurations = (
				B9D4D5D61CB651C400B7B90D /* Debug */,
				B9D4D5D71CB651C400B7B90D /* Release */,
			);
			defaultConfigurationIsVisible = 0;
			defaultConfigurationName = Debug;
		};
		B9D4D5D81CB651C400B7B90D /* Build configuration list for PBXNativeTarget "JiaJiaUITests" */ = {
			isa = XCConfigurationList;
			buildConfigurations = (
				B9D4D5D91CB651C400B7B90D /* Debug */,
				B9D4D5DA1CB651C400B7B90D /* Release */,
			);
			defaultConfigurationIsVisible = 0;
			defaultConfigurationName = Debug;
		};
/* End XCConfigurationList section */
	};
	rootObject = B9D4D59D1CB651C400B7B90D /* Project object */;
}
